<?xml version="1.0" encoding="utf-8"?>
<Project ToolsVersion="4.0" xmlns="http://schemas.microsoft.com/developer/msbuild/2003">
  <ItemGroup>
    <Filter Include="Source Files">
      <UniqueIdentifier>{4FC737F1-C7A5-4376-A066-2A32D752A2FF}</UniqueIdentifier>
      <Extensions>cpp;c;cc;cxx;c++;cppm;ixx;def;odl;idl;hpj;bat;asm;asmx</Extensions>
    </Filter>
    <Filter Include="Header Files">
      <UniqueIdentifier>{93995380-89BD-4b04-88EB-625FBE52EBFB}</UniqueIdentifier>
      <Extensions>h;hh;hpp;hxx;h++;hm;inl;inc;ipp;xsd</Extensions>
    </Filter>
    <Filter Include="Resource Files">
      <UniqueIdentifier>{67DA6AB6-F800-4c08-8B7A-83BB121AAD01}</UniqueIdentifier>
      <Extensions>rc;ico;cur;bmp;dlg;rc2;rct;bin;rgs;gif;jpg;jpeg;jpe;resx;tiff;tif;png;wav;mfcribbon-ms</Extensions>
    </Filter>
  </ItemGroup>
  <ItemGroup>
    <ClInclude Include="..\Include\kenshi\AI\AIEventClass.h">
      <Filter>Source Files</Filter>
    </ClInclude>
    <ClInclude Include="..\Include\kenshi\AI\AIPackage.h">
      <Filter>Source Files</Filter>
    </ClInclude>
    <ClInclude Include="..\Include\kenshi\AI\AITaskSystem.h">
      <Filter>Source Files</Filter>
    </ClInclude>
    <ClInclude Include="..\Include\kenshi\Animation\AnimationClass.h">
      <Filter>Source Files</Filter>
    </ClInclude>
    <ClInclude Include="..\Include\kenshi\Animation\AnimationClassAnimal.h">
      <Filter>Source Files</Filter>
    </ClInclude>
    <ClInclude Include="..\Include\kenshi\Animation\AnimationClassHuman.h">
      <Filter>Source Files</Filter>
    </ClInclude>
    <ClInclude Include="..\Include\kenshi\Animation\AnimationEvent.h">
      <Filter>Source Files</Filter>
    </ClInclude>
    <ClInclude Include="..\Include\kenshi\Animation\RagdollAnimation.h">
      <Filter>Source Files</Filter>
    </ClInclude>
    <ClInclude Include="..\Include\kenshi\Appearance.h">
      <Filter>Source Files</Filter>
    </ClInclude>
    <ClInclude Include="..\Include\kenshi\AppearanceManager.h">
      <Filter>Source Files</Filter>
    </ClInclude>
    <ClInclude Include="..\Include\kenshi\Bounty.h">
      <Filter>Source Files</Filter>
    </ClInclude>
    <ClInclude Include="..\Include\kenshi\BountyManager.h">
      <Filter>Source Files</Filter>
    </ClInclude>
    <ClInclude Include="..\Include\kenshi\Building\Building.h">
      <Filter>Source Files</Filter>
    </ClInclude>
    <ClInclude Include="..\Include\kenshi\Building\CraftingBuilding.h">
      <Filter>Source Files</Filter>
    </ClInclude>
    <ClInclude Include="..\Include\kenshi\Building\DoorStuff.h">
      <Filter>Source Files</Filter>
    </ClInclude>
    <ClInclude Include="..\Include\kenshi\Building\FarmBuilding.h">
      <Filter>Source Files</Filter>
    </ClInclude>
    <ClInclude Include="..\Include\kenshi\Building\FurnaceBuilding.h">
      <Filter>Source Files</Filter>
    </ClInclude>
    <ClInclude Include="..\Include\kenshi\Building\GatewayBuilding.h">
      <Filter>Source Files</Filter>
    </ClInclude>
    <ClInclude Include="..\Include\kenshi\Building\GeneratorBuilding.h">
      <Filter>Source Files</Filter>
    </ClInclude>
    <ClInclude Include="..\Include\kenshi\Building\LightBuilding.h">
      <Filter>Source Files</Filter>
    </ClInclude>
    <ClInclude Include="..\Include\kenshi\Building\ProductionBuilding.h">
      <Filter>Source Files</Filter>
    </ClInclude>
    <ClInclude Include="..\Include\kenshi\Building\RainCollectorBuilding.h">
      <Filter>Source Files</Filter>
    </ClInclude>
    <ClInclude Include="..\Include\kenshi\Building\ResearchBuilding.h">
      <Filter>Source Files</Filter>
    </ClInclude>
    <ClInclude Include="..\Include\kenshi\Building\StorageBuilding.h">
      <Filter>Source Files</Filter>
    </ClInclude>
    <ClInclude Include="..\Include\kenshi\Building\TortureBuilding.h">
      <Filter>Source Files</Filter>
    </ClInclude>
    <ClInclude Include="..\Include\kenshi\Building\TurretBuilding.h">
      <Filter>Source Files</Filter>
    </ClInclude>
    <ClInclude Include="..\Include\kenshi\Building\UseableStuff.h">
      <Filter>Source Files</Filter>
    </ClInclude>
    <ClInclude Include="..\Include\kenshi\Building\WallBuilding.h">
      <Filter>Source Files</Filter>
    </ClInclude>
    <ClInclude Include="..\Include\kenshi\CameraClass.h">
      <Filter>Source Files</Filter>
    </ClInclude>
    <ClInclude Include="..\Include\kenshi\Character.h">
      <Filter>Source Files</Filter>
    </ClInclude>
    <ClInclude Include="..\Include\kenshi\CharacterAnimal.h">
      <Filter>Source Files</Filter>
    </ClInclude>
    <ClInclude Include="..\Include\kenshi\CharacterHuman.h">
      <Filter>Source Files</Filter>
    </ClInclude>
    <ClInclude Include="..\Include\kenshi\CharBody.h">
      <Filter>Source Files</Filter>
    </ClInclude>
    <ClInclude Include="..\Include\kenshi\CharMovement.h">
      <Filter>Source Files</Filter>
    </ClInclude>
    <ClInclude Include="..\Include\kenshi\CharStats.h">
      <Filter>Source Files</Filter>
    </ClInclude>
    <ClInclude Include="..\Include\kenshi\combat\CombatClass.h">
      <Filter>Source Files</Filter>
    </ClInclude>
    <ClInclude Include="..\Include\kenshi\combat\CombatState.h">
      <Filter>Source Files</Filter>
    </ClInclude>
    <ClInclude Include="..\Include\kenshi\combat\CombatTechniqueData.h">
      <Filter>Source Files</Filter>
    </ClInclude>
    <ClInclude Include="..\Include\kenshi\combat\RangedCombatClass.h">
      <Filter>Source Files</Filter>
    </ClInclude>
    <ClInclude Include="..\Include\kenshi\Damages.h">
      <Filter>Source Files</Filter>
    </ClInclude>
    <ClInclude Include="..\Include\kenshi\Dialogue.h">
      <Filter>Source Files</Filter>
    </ClInclude>
    <ClInclude Include="..\Include\kenshi\Enums.h">
      <Filter>Source Files</Filter>
    </ClInclude>
    <ClInclude Include="..\Include\kenshi\Faction.h">
      <Filter>Source Files</Filter>
    </ClInclude>
    <ClInclude Include="..\Include\kenshi\FactionLeader.h">
      <Filter>Source Files</Filter>
    </ClInclude>
    <ClInclude Include="..\Include\kenshi\FactionRelations.h">
      <Filter>Source Files</Filter>
    </ClInclude>
    <ClInclude Include="..\Include\kenshi\FactionUniqueSquadManager.h">
      <Filter>Source Files</Filter>
    </ClInclude>
    <ClInclude Include="..\Include\kenshi\FactionWarMgr.h">
      <Filter>Source Files</Filter>
    </ClInclude>
    <ClInclude Include="..\Include\kenshi\FitnessSelector.h">
      <Filter>Source Files</Filter>
    </ClInclude>
    <ClInclude Include="..\Include\kenshi\FoliageSystem.h">
      <Filter>Source Files</Filter>
    </ClInclude>
    <ClInclude Include="..\Include\kenshi\GameData.h">
      <Filter>Source Files</Filter>
    </ClInclude>
    <ClInclude Include="..\Include\kenshi\GameDataManager.h">
      <Filter>Source Files</Filter>
    </ClInclude>
    <ClInclude Include="..\Include\kenshi\GameLauncher.h">
      <Filter>Source Files</Filter>
    </ClInclude>
    <ClInclude Include="..\Include\kenshi\GameplayOptions.h">
      <Filter>Source Files</Filter>
    </ClInclude>
    <ClInclude Include="..\Include\kenshi\GameSaveState.h">
      <Filter>Source Files</Filter>
    </ClInclude>
    <ClInclude Include="..\Include\kenshi\GameWorld.h">
      <Filter>Source Files</Filter>
    </ClInclude>
    <ClInclude Include="..\Include\kenshi\Gear.h">
      <Filter>Source Files</Filter>
    </ClInclude>
    <ClInclude Include="..\Include\kenshi\GlobalConstants.h">
      <Filter>Source Files</Filter>
    </ClInclude>
    <ClInclude Include="..\Include\kenshi\Globals.h">
      <Filter>Source Files</Filter>
    </ClInclude>
    <ClInclude Include="..\Include\kenshi\gui\BuildModeWindow.h">
      <Filter>Source Files</Filter>
    </ClInclude>
    <ClInclude Include="..\Include\kenshi\gui\CharacterEditWindow.h">
      <Filter>Source Files</Filter>
    </ClInclude>
    <ClInclude Include="..\Include\kenshi\gui\CharacterStatsWindow.h">
      <Filter>Source Files</Filter>
    </ClInclude>
    <ClInclude Include="..\Include\kenshi\gui\CharacterTradingWindow.h">
      <Filter>Source Files</Filter>
    </ClInclude>
    <ClInclude Include="..\Include\kenshi\gui\ContextMenu.h">
      <Filter>Source Files</Filter>
    </ClInclude>
    <ClInclude Include="..\Include\kenshi\gui\DatapanelGUI.h">
      <Filter>Source Files</Filter>
    </ClInclude>
    <ClInclude Include="..\Include\kenshi\gui\DataPanelLine.h">
      <Filter>Source Files</Filter>
    </ClInclude>
    <ClInclude Include="..\Include\kenshi\gui\DialogueWindow.h">
      <Filter>Source Files</Filter>
    </ClInclude>
    <ClInclude Include="..\Include\kenshi\gui\FactionsScreen.h">
      <Filter>Source Files</Filter>
    </ClInclude>
    <ClInclude Include="..\Include\kenshi\gui\FogEditor.h">
      <Filter>Source Files</Filter>
    </ClInclude>
    <ClInclude Include="..\Include\kenshi\gui\ForgottenGUI.h">
      <Filter>Source Files</Filter>
    </ClInclude>
    <ClInclude Include="..\Include\kenshi\gui\GameDataEditorWindow.h">
      <Filter>Source Files</Filter>
    </ClInclude>
    <ClInclude Include="..\Include\kenshi\gui\GUIWindow.h">
      <Filter>Source Files</Filter>
    </ClInclude>
    <ClInclude Include="..\Include\kenshi\gui\InteriorModeButtonWindow.h">
      <Filter>Source Files</Filter>
    </ClInclude>
    <ClInclude Include="..\Include\kenshi\gui\InventoryGUI.h">
      <Filter>Source Files</Filter>
    </ClInclude>
    <ClInclude Include="..\Include\kenshi\gui\InventoryTraderGUI.h">
      <Filter>Source Files</Filter>
    </ClInclude>
    <ClInclude Include="..\Include\kenshi\gui\LevelEditor.h">
      <Filter>Source Files</Filter>
    </ClInclude>
    <ClInclude Include="..\Include\kenshi\gui\LoadingWindow.h">
      <Filter>Source Files</Filter>
    </ClInclude>
    <ClInclude Include="..\Include\kenshi\gui\LoadSaveWindow.h">
      <Filter>Source Files</Filter>
    </ClInclude>
    <ClInclude Include="..\Include\kenshi\gui\MainBarGUI.h">
      <Filter>Source Files</Filter>
    </ClInclude>
    <ClInclude Include="..\Include\kenshi\gui\ManagementScreen.h">
      <Filter>Source Files</Filter>
    </ClInclude>
    <ClInclude Include="..\Include\kenshi\gui\MapScreen.h">
      <Filter>Source Files</Filter>
    </ClInclude>
    <ClInclude Include="..\Include\kenshi\gui\MessageBoxManager.h">
      <Filter>Source Files</Filter>
    </ClInclude>
    <ClInclude Include="..\Include\kenshi\gui\MyGUI_ListScrollBar.h">
      <Filter>Source Files</Filter>
    </ClInclude>
    <ClInclude Include="..\Include\kenshi\gui\MyGUI_MultiSlider.h">
      <Filter>Source Files</Filter>
    </ClInclude>
    <ClInclude Include="..\Include\kenshi\gui\MyGUI_Slider.h">
      <Filter>Source Files</Filter>
    </ClInclude>
    <ClInclude Include="..\Include\kenshi\gui\NewGameOptionsWindow.h">
      <Filter>Source Files</Filter>
    </ClInclude>
    <ClInclude Include="..\Include\kenshi\gui\NewGameWindow.h">
      <Filter>Source Files</Filter>
    </ClInclude>
    <ClInclude Include="..\Include\kenshi\gui\OpenSaveFileDialog.h">
      <Filter>Source Files</Filter>
    </ClInclude>
    <ClInclude Include="..\Include\kenshi\gui\OptionsWindow.h">
      <Filter>Source Files</Filter>
    </ClInclude>
    <ClInclude Include="..\Include\kenshi\gui\OrdersPanel.h">
      <Filter>Source Files</Filter>
    </ClInclude>
    <ClInclude Include="..\Include\kenshi\gui\PortraitManager.h">
      <Filter>Source Files</Filter>
    </ClInclude>
    <ClInclude Include="..\Include\kenshi\gui\ProspectingWindow.h">
      <Filter>Source Files</Filter>
    </ClInclude>
    <ClInclude Include="..\Include\kenshi\gui\ScreenLabel.h">
      <Filter>Source Files</Filter>
    </ClInclude>
    <ClInclude Include="..\Include\kenshi\gui\SplashScreen.h">
      <Filter>Source Files</Filter>
    </ClInclude>
    <ClInclude Include="..\Include\kenshi\gui\SquadManagementScreen.h">
      <Filter>Source Files</Filter>
    </ClInclude>
    <ClInclude Include="..\Include\kenshi\gui\TitleScreen.h">
      <Filter>Source Files</Filter>
    </ClInclude>
    <ClInclude Include="..\Include\kenshi\gui\ToolTip.h">
      <Filter>Source Files</Filter>
    </ClInclude>
    <ClInclude Include="..\Include\kenshi\gui\TransformWindow.h">
      <Filter>Source Files</Filter>
    </ClInclude>
    <ClInclude Include="..\Include\kenshi\gui\TutorialGUI.h">
      <Filter>Source Files</Filter>
    </ClInclude>
    <ClInclude Include="..\Include\kenshi\GunClass.h">
      <Filter>Source Files</Filter>
    </ClInclude>
    <ClInclude Include="..\Include\kenshi\HandleManager.h">
      <Filter>Source Files</Filter>
    </ClInclude>
    <ClInclude Include="..\Include\kenshi\Havok.h">
      <Filter>Source Files</Filter>
    </ClInclude>
    <ClInclude Include="..\Include\kenshi\HavokCharacter.h">
      <Filter>Source Files</Filter>
    </ClInclude>
    <ClInclude Include="..\Include\kenshi\InputHandler.h">
      <Filter>Source Files</Filter>
    </ClInclude>
    <ClInclude Include="..\Include\kenshi\InstanceID.h">
      <Filter>Source Files</Filter>
    </ClInclude>
    <ClInclude Include="..\Include\kenshi\Inventory.h">
      <Filter>Source Files</Filter>
    </ClInclude>
    <ClInclude Include="..\Include\kenshi\Item.h">
      <Filter>Source Files</Filter>
    </ClInclude>
    <ClInclude Include="..\Include\kenshi\Kenshi.h">
      <Filter>Source Files</Filter>
    </ClInclude>
    <ClInclude Include="..\Include\kenshi\KingOfRenderThread.h">
      <Filter>Source Files</Filter>
    </ClInclude>
    <ClInclude Include="..\Include\kenshi\LocaleInfo.h">
      <Filter>Source Files</Filter>
    </ClInclude>
    <ClInclude Include="..\Include\kenshi\Logger.h">
      <Filter>Source Files</Filter>
    </ClInclude>
    <ClInclude Include="..\Include\kenshi\MedianFilter.h">
      <Filter>Source Files</Filter>
    </ClInclude>
    <ClInclude Include="..\Include\kenshi\MedicalSystem.h">
      <Filter>Source Files</Filter>
    </ClInclude>
    <ClInclude Include="..\Include\kenshi\MeshDataLookup.h">
      <Filter>Source Files</Filter>
    </ClInclude>
    <ClInclude Include="..\Include\kenshi\ModInfo.h">
      <Filter>Source Files</Filter>
    </ClInclude>
    <ClInclude Include="..\Include\kenshi\NavInstance.h">
      <Filter>Source Files</Filter>
    </ClInclude>
    <ClInclude Include="..\Include\kenshi\NavMesh.h">
      <Filter>Source Files</Filter>
    </ClInclude>
    <ClInclude Include="..\Include\kenshi\NavMeshGenerator.h">
      <Filter>Source Files</Filter>
    </ClInclude>
    <ClInclude Include="..\Include\kenshi\OptionsHolder.h">
      <Filter>Source Files</Filter>
    </ClInclude>
    <ClInclude Include="..\Include\kenshi\PhysicsActual.h">
      <Filter>Source Files</Filter>
    </ClInclude>
    <ClInclude Include="..\Include\kenshi\PhysicsCollection.h">
      <Filter>Source Files</Filter>
    </ClInclude>
    <ClInclude Include="..\Include\kenshi\Platoon.h">
      <Filter>Source Files</Filter>
    </ClInclude>
    <ClInclude Include="..\Include\kenshi\PlayerInterface.h">
      <Filter>Source Files</Filter>
    </ClInclude>
    <ClInclude Include="..\Include\kenshi\RaceData.h">
      <Filter>Source Files</Filter>
    </ClInclude>
    <ClInclude Include="..\Include\kenshi\Renderer.h">
      <Filter>Source Files</Filter>
    </ClInclude>
    <ClInclude Include="..\Include\kenshi\RenderToTextureotron.h">
      <Filter>Source Files</Filter>
    </ClInclude>
    <ClInclude Include="..\Include\kenshi\ResourceLoader.h">
      <Filter>Source Files</Filter>
    </ClInclude>
    <ClInclude Include="..\Include\kenshi\RootObject.h">
      <Filter>Source Files</Filter>
    </ClInclude>
    <ClInclude Include="..\Include\kenshi\RootObjectBase.h">
      <Filter>Source Files</Filter>
    </ClInclude>
    <ClInclude Include="..\Include\kenshi\RootObjectFactory.h">
      <Filter>Source Files</Filter>
    </ClInclude>
    <ClInclude Include="..\Include\kenshi\SaveFileSystem.h">
      <Filter>Source Files</Filter>
    </ClInclude>
    <ClInclude Include="..\Include\kenshi\SaveInfo.h">
      <Filter>Source Files</Filter>
    </ClInclude>
    <ClInclude Include="..\Include\kenshi\SaveManager.h">
      <Filter>Source Files</Filter>
    </ClInclude>
    <ClInclude Include="..\Include\kenshi\SensoryData.h">
      <Filter>Source Files</Filter>
    </ClInclude>
    <ClInclude Include="..\Include\kenshi\SharedKing.h">
      <Filter>Source Files</Filter>
    </ClInclude>
    <ClInclude Include="..\Include\kenshi\ShopTrader.h">
      <Filter>Source Files</Filter>
    </ClInclude>
    <ClInclude Include="..\Include\kenshi\ShopTraderInventory.h">
      <Filter>Source Files</Filter>
    </ClInclude>
    <ClInclude Include="..\Include\kenshi\StateBroadcastData.h">
      <Filter>Source Files</Filter>
    </ClInclude>
    <ClInclude Include="..\Include\kenshi\Tasker.h">
      <Filter>Source Files</Filter>
    </ClInclude>
    <ClInclude Include="..\Include\kenshi\Terrain.h">
      <Filter>Source Files</Filter>
    </ClInclude>
    <ClInclude Include="..\Include\kenshi\ThreadClass.h">
      <Filter>Source Files</Filter>
    </ClInclude>
    <ClInclude Include="..\Include\kenshi\Town.h">
      <Filter>Source Files</Filter>
    </ClInclude>
    <ClInclude Include="..\Include\kenshi\TradeCulture.h">
      <Filter>Source Files</Filter>
    </ClInclude>
    <ClInclude Include="..\Include\kenshi\util\Array2d.h">
      <Filter>Source Files</Filter>
    </ClInclude>
    <ClInclude Include="..\Include\kenshi\util\hand.h">
      <Filter>Source Files</Filter>
    </ClInclude>
    <ClInclude Include="..\Include\kenshi\util\iVector2.h">
      <Filter>Source Files</Filter>
    </ClInclude>
    <ClInclude Include="..\Include\kenshi\util\lektor.h">
      <Filter>Source Files</Filter>
    </ClInclude>
    <ClInclude Include="..\Include\kenshi\util\OgreUnordered.h">
      <Filter>Source Files</Filter>
    </ClInclude>
    <ClInclude Include="..\Include\kenshi\util\PerfTimer.h">
      <Filter>Source Files</Filter>
    </ClInclude>
    <ClInclude Include="..\Include\kenshi\util\StringPair.h">
      <Filter>Source Files</Filter>
    </ClInclude>
    <ClInclude Include="..\Include\kenshi\util\TagsClass.h">
      <Filter>Source Files</Filter>
    </ClInclude>
    <ClInclude Include="..\Include\kenshi\util\TimeOfDay.h">
      <Filter>Source Files</Filter>
    </ClInclude>
    <ClInclude Include="..\Include\kenshi\util\TripleInt.h">
      <Filter>Source Files</Filter>
    </ClInclude>
    <ClInclude Include="..\Include\kenshi\util\UtilityT.h">
      <Filter>Source Files</Filter>
    </ClInclude>
    <ClInclude Include="..\Include\kenshi\util\YesNoMaybe.h">
      <Filter>Source Files</Filter>
    </ClInclude>
    <ClInclude Include="..\Include\kenshi\Weather.h">
      <Filter>Source Files</Filter>
    </ClInclude>
    <ClInclude Include="..\Include\kenshi\WorldEventStateQuery.h">
      <Filter>Source Files</Filter>
    </ClInclude>
    <ClInclude Include="..\Include\kenshi\ZoneManager.h">
      <Filter>Source Files</Filter>
    </ClInclude>
    <ClInclude Include="..\Include\kenshi\ZoneMapContent.h">
      <Filter>Source Files</Filter>
    </ClInclude>
    <ClInclude Include="..\Include\kenshi\ZoneSmell.h">
      <Filter>Source Files</Filter>
    </ClInclude>
  </ItemGroup>
  <ItemGroup>
    <ClCompile Include="..\Include\kenshi\AI\AI.h">
      <Filter>Source Files</Filter>
    </ClCompile>
  </ItemGroup>
</Project>